
Microsoft Visual Studio Solution File, Format Version 12.00
# Visual Studio Version 16
VisualStudioVersion = 16.0.31321.278
MinimumVisualStudioVersion = 10.0.40219.1
Project("{FAE04EC0-301F-11D3-BF4B-00C04F79EFBC}") = "PdfEditorService", "PdfEditorService\PdfEditorService.csproj", "{78E1B988-0F7C-452C-9F00-31B8B997C58D}"
EndProject
Global
	GlobalSection(SolutionConfigurationPlatforms) = preSolution
		Debug|Any CPU = Debug|Any CPU
		Release|Any CPU = Release|Any CPU
	EndGlobalSection
	GlobalSection(ProjectConfigurationPlatforms) = postSolution
		{78E1B988-0F7C-452C-9F00-31B8B997C58D}.Debug|Any CPU.ActiveCfg = Debug|Any CPU
		{78E1B988-0F7C-452C-9F00-31B8B997C58D}.Debug|Any CPU.Build.0 = Debug|Any CPU
		{78E1B988-0F7C-452C-9F00-31B8B997C58D}.Release|Any CPU.ActiveCfg = Release|Any CPU
		{78E1B988-0F7C-452C-9F00-31B8B997C58D}.Release|Any CPU.Build.0 = Release|Any CPU
	EndGlobalSection
	GlobalSection(SolutionProperties) = preSolution
		HideSolutionNode = FALSE
	EndGlobalSection
	GlobalSection(ExtensibilityGlobals) = postSolution
		SolutionGuid = {0D7C02BC-1C83-4D03-AC55-F3C8B1758B74}
	EndGlobalSection
EndGlobal
