
Microsoft Visual Studio Solution File, Format Version 12.00
# Visual Studio Version 16
VisualStudioVersion = 16.0.31321.278
MinimumVisualStudioVersion = 10.0.40219.1
Project("{9A19103F-16F7-4668-BE54-9A1E7A4F7556}") = "EditorService", "EditorService\EditorService.csproj", "{843DCFB3-05A7-4148-A95F-9506519F77F9}"
EndProject
Project("{FAE04EC0-301F-11D3-BF4B-00C04F79EFBC}") = "Image", "Image\Image.csproj", "{F67EA274-0F92-4BF1-ABB3-B63F512EEE61}"
EndProject
Project("{FAE04EC0-301F-11D3-BF4B-00C04F79EFBC}") = "EditorWebApi", "EditorWebApi\EditorWebApi.csproj", "{8634EA5C-9964-4ABB-A922-76C87A68B48B}"
EndProject
Global
	GlobalSection(SolutionConfigurationPlatforms) = preSolution
		Debug|Any CPU = Debug|Any CPU
		Release|Any CPU = Release|Any CPU
	EndGlobalSection
	GlobalSection(ProjectConfigurationPlatforms) = postSolution
		{843DCFB3-05A7-4148-A95F-9506519F77F9}.Debug|Any CPU.ActiveCfg = Debug|Any CPU
		{843DCFB3-05A7-4148-A95F-9506519F77F9}.Debug|Any CPU.Build.0 = Debug|Any CPU
		{843DCFB3-05A7-4148-A95F-9506519F77F9}.Release|Any CPU.ActiveCfg = Release|Any CPU
		{843DCFB3-05A7-4148-A95F-9506519F77F9}.Release|Any CPU.Build.0 = Release|Any CPU
		{F67EA274-0F92-4BF1-ABB3-B63F512EEE61}.Debug|Any CPU.ActiveCfg = Debug|Any CPU
		{F67EA274-0F92-4BF1-ABB3-B63F512EEE61}.Debug|Any CPU.Build.0 = Debug|Any CPU
		{F67EA274-0F92-4BF1-ABB3-B63F512EEE61}.Release|Any CPU.ActiveCfg = Release|Any CPU
		{F67EA274-0F92-4BF1-ABB3-B63F512EEE61}.Release|Any CPU.Build.0 = Release|Any CPU
		{8634EA5C-9964-4ABB-A922-76C87A68B48B}.Debug|Any CPU.ActiveCfg = Debug|Any CPU
		{8634EA5C-9964-4ABB-A922-76C87A68B48B}.Debug|Any CPU.Build.0 = Debug|Any CPU
		{8634EA5C-9964-4ABB-A922-76C87A68B48B}.Release|Any CPU.ActiveCfg = Release|Any CPU
		{8634EA5C-9964-4ABB-A922-76C87A68B48B}.Release|Any CPU.Build.0 = Release|Any CPU
	EndGlobalSection
	GlobalSection(SolutionProperties) = preSolution
		HideSolutionNode = FALSE
	EndGlobalSection
	GlobalSection(ExtensibilityGlobals) = postSolution
		SolutionGuid = {E97B6522-2052-4B25-B329-42F5732CC86C}
	EndGlobalSection
EndGlobal
